{
  "name": "hybrid",
  "version": "0.1.0",
  "lockfileVersion": 1,
  "requires": true,
  "dependencies": {
    "dsbridge": {
      "version": "3.0.9",
      "resolved": "https://registry.npmjs.org/dsbridge/-/dsbridge-3.0.9.tgz",
      "integrity": "sha512-OsDiPQdPi6Jcook6t6FYI0nfSpvWc/7UYWdj3pj5/A3v0+1avWplblPmkKuEABsMFDLYMd44azHq8G34o/hXsA=="
    }
  }
}
