{
  "requires": true,
  "lockfileVersion": 1,
  "dependencies": {
    "@minui/wxc-tab": {
      "version": "1.0.8",
      "resolved": "https://registry.npmjs.org/@minui/wxc-tab/-/wxc-tab-1.0.8.tgz",
      "integrity": "sha512-vB6siN0tcLy1pySbk4BhbYjv/4yOLdsUCpzLTvSvN0DHkdgpmQMI9CLd/bB/6LywoP/bR0FIwgGCns/fYJiDlg=="
    }
  }
}
