{
  "requires": true,
  "lockfileVersion": 1,
  "dependencies": {
    "@minui/wxc-abnor": {
      "version": "1.0.7",
      "resolved": "https://registry.npmjs.org/@minui/wxc-abnor/-/wxc-abnor-1.0.7.tgz",
      "integrity": "sha512-TGULmfigbuESFfGYHR5HMPzfeQe5mocHwpSblCtZUYnUGBkcGauOfLSt6rIeYIZhpdhDIYSdli4NmDZ2/pM37g=="
    },
    "@minui/wxc-avatar": {
      "version": "1.0.4",
      "resolved": "https://registry.npmjs.org/@minui/wxc-avatar/-/wxc-avatar-1.0.4.tgz",
      "integrity": "sha512-FP6eKELm5FNZQ0vtsny2VXozsMcS04hI5xW28nNrI7sBnH//hz85a6NNoTiC98MgVvqs9YjYOb449s8nZE8SdA==",
      "requires": {
        "@minui/wxc-badge": "1.0.5",
        "@minui/wxc-cc": "1.0.3"
      }
    },
    "@minui/wxc-badge": {
      "version": "1.0.5",
      "resolved": "https://registry.npmjs.org/@minui/wxc-badge/-/wxc-badge-1.0.5.tgz",
      "integrity": "sha512-bSSKa3fOIbb53pUjYkawGxlMAW30DcovygDoz9Ps4BMHb98IsAdehsK63u04I52OOis4HAwhERxkSAeQhm9LJQ=="
    },
    "@minui/wxc-button": {
      "version": "1.0.1",
      "resolved": "https://registry.npmjs.org/@minui/wxc-button/-/wxc-button-1.0.1.tgz",
      "integrity": "sha512-gnxYHrD6rn60ABrpgRKUZWjVOmxy3jTWBpg6npkCZMf7S2IgXQvVZ4cIZoCg5RaAKh6Sn9xz6pIxGz7qhmG6Bg=="
    },
    "@minui/wxc-cc": {
      "version": "1.0.3",
      "resolved": "https://registry.npmjs.org/@minui/wxc-cc/-/wxc-cc-1.0.3.tgz",
      "integrity": "sha512-k1ZsAlVclGZrA0yqZOP/BH+rce4JTbctaPAg++jURiqVgGtOQJMRl6ogCZtM5pdHK0mpzAWWlKxcRMBangPp8A==",
      "requires": {
        "@minui/wxc-flex": "1.0.5"
      }
    },
    "@minui/wxc-counter": {
      "version": "1.0.6",
      "resolved": "https://registry.npmjs.org/@minui/wxc-counter/-/wxc-counter-1.0.6.tgz",
      "integrity": "sha512-gEC4zaoBYgiaW7QkMWvB/v9cCwRroUoLCGVuOVJ/kcYDTPO8hu5ytGNYp1CzIUotlPWkfqIipM+7dZydlZq3Zw=="
    },
    "@minui/wxc-flex": {
      "version": "1.0.5",
      "resolved": "https://registry.npmjs.org/@minui/wxc-flex/-/wxc-flex-1.0.5.tgz",
      "integrity": "sha512-27VVhTP5s1f1G1ioi3o9/P98IW8h/gWNp+QpbKyjMIsHSs3CccTYSu5lxq5tJc1IDVEHusx4w0O+XsT1flBjZg=="
    },
    "@minui/wxc-icon": {
      "version": "1.0.9",
      "resolved": "https://registry.npmjs.org/@minui/wxc-icon/-/wxc-icon-1.0.9.tgz",
      "integrity": "sha512-ebEzCdGtdECW7fbxREHuCeeIJ52FKhjQneZqwvwU13jHs1Ic3tHZ1vcEcgkaexYD2zfhBilcbHiZpe3jbxssMg=="
    },
    "@minui/wxc-input": {
      "version": "1.0.1",
      "resolved": "https://registry.npmjs.org/@minui/wxc-input/-/wxc-input-1.0.1.tgz",
      "integrity": "sha512-ku5E68e6WeD7A7Pf9Zxlcw86lxoM3WzCWCqpkn2/Y2+Aq9Z9mAzoZ8/atzreqZXt1aIFmFwCa6TJi9o+YtEX6w=="
    },
    "@minui/wxc-list": {
      "version": "1.0.1",
      "resolved": "https://registry.npmjs.org/@minui/wxc-list/-/wxc-list-1.0.1.tgz",
      "integrity": "sha512-/aLqRRDFNWfDeehWEt68Ph83pkeXd8Dl+HMuxu44z7QxKaiJ4R3PiQcxdqprAhePRKpFIfcq0INiwzkCZSlJDQ=="
    },
    "@minui/wxc-loadmore": {
      "version": "1.0.5",
      "resolved": "https://registry.npmjs.org/@minui/wxc-loadmore/-/wxc-loadmore-1.0.5.tgz",
      "integrity": "sha512-6OZeT0acn99QgB6hkWsj3tI2eXrI5ag6tqeZNctgN4wrkK7b/fOqGrH00kfL81tQY6P8I8Klg2g+ibYyxrV3VQ=="
    },
    "@minui/wxc-mask": {
      "version": "1.0.8",
      "resolved": "https://registry.npmjs.org/@minui/wxc-mask/-/wxc-mask-1.0.8.tgz",
      "integrity": "sha512-2cWz4mcacoeyHSU/R0teHZ/b7bS397ZErKD2AdapExk7V81yPSOcEVP6/Mg49ml7U7yZnKO0AEoQkRlRozEvVA=="
    },
    "@minui/wxc-popup": {
      "version": "1.0.9",
      "resolved": "https://registry.npmjs.org/@minui/wxc-popup/-/wxc-popup-1.0.9.tgz",
      "integrity": "sha512-M/hEr2nEi/wZ6PMNBbXufvOb4VuOCoCRqY8QQC/JdgM34CpsjBbieY0BmoyKlxjlfD7zVVmS3HJ8bWprDw6g2Q==",
      "requires": {
        "@minui/wxc-mask": "1.0.8"
      }
    },
    "@minui/wxc-tab": {
      "version": "1.0.8",
      "resolved": "https://registry.npmjs.org/@minui/wxc-tab/-/wxc-tab-1.0.8.tgz",
      "integrity": "sha512-vB6siN0tcLy1pySbk4BhbYjv/4yOLdsUCpzLTvSvN0DHkdgpmQMI9CLd/bB/6LywoP/bR0FIwgGCns/fYJiDlg=="
    }
  }
}
